
Microsoft Visual Studio Solution File, Format Version 12.00
# Visual Studio Version 17
VisualStudioVersion = 17.13.35931.197
MinimumVisualStudioVersion = 10.0.40219.1
Project("{FAE04EC0-301F-11D3-BF4B-00C04F79EFBC}") = "ApiGateway", "ApiGateway\ApiGateway.csproj", "{B1B53FA8-6372-44B8-B55D-D71682EE9A5E}"
EndProject
Project("{FAE04EC0-301F-11D3-BF4B-00C04F79EFBC}") = "PaymentsService", "PaymentsService\PaymentsService.csproj", "{0495A831-0149-4CC5-92E7-12EBC2EE7370}"
EndProject
Project("{FAE04EC0-301F-11D3-BF4B-00C04F79EFBC}") = "OrdersService", "OrdersService\OrdersService.csproj", "{F16B833C-C8ED-478B-9669-F2A1B61517E6}"
EndProject
Global
	GlobalSection(SolutionConfigurationPlatforms) = preSolution
		Debug|Any CPU = Debug|Any CPU
		Release|Any CPU = Release|Any CPU
	EndGlobalSection
	GlobalSection(ProjectConfigurationPlatforms) = postSolution
		{B1B53FA8-6372-44B8-B55D-D71682EE9A5E}.Debug|Any CPU.ActiveCfg = Debug|Any CPU
		{B1B53FA8-6372-44B8-B55D-D71682EE9A5E}.Debug|Any CPU.Build.0 = Debug|Any CPU
		{B1B53FA8-6372-44B8-B55D-D71682EE9A5E}.Release|Any CPU.ActiveCfg = Release|Any CPU
		{B1B53FA8-6372-44B8-B55D-D71682EE9A5E}.Release|Any CPU.Build.0 = Release|Any CPU
		{0495A831-0149-4CC5-92E7-12EBC2EE7370}.Debug|Any CPU.ActiveCfg = Debug|Any CPU
		{0495A831-0149-4CC5-92E7-12EBC2EE7370}.Debug|Any CPU.Build.0 = Debug|Any CPU
		{0495A831-0149-4CC5-92E7-12EBC2EE7370}.Release|Any CPU.ActiveCfg = Release|Any CPU
		{0495A831-0149-4CC5-92E7-12EBC2EE7370}.Release|Any CPU.Build.0 = Release|Any CPU
		{F16B833C-C8ED-478B-9669-F2A1B61517E6}.Debug|Any CPU.ActiveCfg = Debug|Any CPU
		{F16B833C-C8ED-478B-9669-F2A1B61517E6}.Debug|Any CPU.Build.0 = Debug|Any CPU
		{F16B833C-C8ED-478B-9669-F2A1B61517E6}.Release|Any CPU.ActiveCfg = Release|Any CPU
		{F16B833C-C8ED-478B-9669-F2A1B61517E6}.Release|Any CPU.Build.0 = Release|Any CPU
	EndGlobalSection
	GlobalSection(SolutionProperties) = preSolution
		HideSolutionNode = FALSE
	EndGlobalSection
	GlobalSection(ExtensibilityGlobals) = postSolution
		SolutionGuid = {72A85365-6C39-4215-A213-4EE7990B8126}
	EndGlobalSection
EndGlobal
