
Microsoft Visual Studio Solution File, Format Version 12.00
# Visual Studio Version 17
VisualStudioVersion = 17.12.35527.113 d17.12
MinimumVisualStudioVersion = 10.0.40219.1
Project("{FAE04EC0-301F-11D3-BF4B-00C04F79EFBC}") = "KPOhw2", "KPOhw2\KPOhw2.csproj", "{26AD10D0-CA6F-4186-AD6F-3B9E70BBF5D2}"
EndProject
Project("{FAE04EC0-301F-11D3-BF4B-00C04F79EFBC}") = "CarShowroom", "CarShowroom\CarShowroom.csproj", "{74A2DC6C-D867-4965-879B-1B35B91A06B3}"
EndProject
Global
	GlobalSection(SolutionConfigurationPlatforms) = preSolution
		Debug|Any CPU = Debug|Any CPU
		Release|Any CPU = Release|Any CPU
	EndGlobalSection
	GlobalSection(ProjectConfigurationPlatforms) = postSolution
		{26AD10D0-CA6F-4186-AD6F-3B9E70BBF5D2}.Debug|Any CPU.ActiveCfg = Debug|Any CPU
		{26AD10D0-CA6F-4186-AD6F-3B9E70BBF5D2}.Debug|Any CPU.Build.0 = Debug|Any CPU
		{26AD10D0-CA6F-4186-AD6F-3B9E70BBF5D2}.Release|Any CPU.ActiveCfg = Release|Any CPU
		{26AD10D0-CA6F-4186-AD6F-3B9E70BBF5D2}.Release|Any CPU.Build.0 = Release|Any CPU
		{74A2DC6C-D867-4965-879B-1B35B91A06B3}.Debug|Any CPU.ActiveCfg = Debug|Any CPU
		{74A2DC6C-D867-4965-879B-1B35B91A06B3}.Debug|Any CPU.Build.0 = Debug|Any CPU
		{74A2DC6C-D867-4965-879B-1B35B91A06B3}.Release|Any CPU.ActiveCfg = Release|Any CPU
		{74A2DC6C-D867-4965-879B-1B35B91A06B3}.Release|Any CPU.Build.0 = Release|Any CPU
	EndGlobalSection
	GlobalSection(SolutionProperties) = preSolution
		HideSolutionNode = FALSE
	EndGlobalSection
EndGlobal
